// !$*UTF8*$!
{
	archiveVersion = 1;
	classes = {
	};
	objectVersion = 48;
	objects = {

/* Begin PBXBuildFile section */
		004F4EF71FBD9F49004D0BED /* AppDelegate.swift in Sources */ = {isa = PBXBuildFile; fileRef = 004F4EF61FBD9F49004D0BED /* AppDelegate.swift */; };
		004F4EFE1FBD9F49004D0BED /* Assets.xcassets in Resources */ = {isa = PBXBuildFile; fileRef = 004F4EFD1FBD9F49004D0BED /* Assets.xcassets */; };
		004F4F011FBD9F49004D0BED /* LaunchScreen.storyboard in Resources */ = {isa = PBXBuildFile; fileRef = 004F4EFF1FBD9F49004D0BED /* LaunchScreen.storyboard */; };
		004F4F0C1FBD9F49004D0BED /* GoodbyeStoryboardTests.swift in Sources */ = {isa = PBXBuildFile; fileRef = 004F4F0B1FBD9F49004D0BED /* GoodbyeStoryboardTests.swift */; };
		004F4F171FBD9F49004D0BED /* GoodbyeStoryboardUITests.swift in Sources */ = {isa = PBXBuildFile; fileRef = 004F4F161FBD9F49004D0BED /* GoodbyeStoryboardUITests.swift */; };
		004F4F2A1FBDA364004D0BED /* Constants.swift in Sources */ = {isa = PBXBuildFile; fileRef = 004F4F291FBDA364004D0BED /* Constants.swift */; };
		004F4F2C1FBDA48A004D0BED /* MainVC.swift in Sources */ = {isa = PBXBuildFile; fileRef = 004F4F2B1FBDA48A004D0BED /* MainVC.swift */; };
		004F4F2E1FBDB0A6004D0BED /* Extensions.swift in Sources */ = {isa = PBXBuildFile; fileRef = 004F4F2D1FBDB0A6004D0BED /* Extensions.swift */; };
		004F4F301FBDC9D2004D0BED /* Label.swift in Sources */ = {isa = PBXBuildFile; fileRef = 004F4F2F1FBDC9D2004D0BED /* Label.swift */; };
		004F4F321FBDD2DE004D0BED /* DataService.swift in Sources */ = {isa = PBXBuildFile; fileRef = 004F4F311FBDD2DE004D0BED /* DataService.swift */; };
		5172035DAC2C9807BB65EDCA /* Pods_GoodbyeStoryboardUITests.framework in Frameworks */ = {isa = PBXBuildFile; fileRef = 49968063CFDE044DDB5AE468 /* Pods_GoodbyeStoryboardUITests.framework */; };
		7E786B0F66E3F2977191ADAD /* Pods_GoodbyeStoryboard.framework in Frameworks */ = {isa = PBXBuildFile; fileRef = F87EB2CE5CA063383D6FEECA /* Pods_GoodbyeStoryboard.framework */; };
		F27F49CB66B3AC7D733447B4 /* Pods_GoodbyeStoryboardTests.framework in Frameworks */ = {isa = PBXBuildFile; fileRef = 8E4ED88C991BDA89046D977E /* Pods_GoodbyeStoryboardTests.framework */; };
/* End PBXBuildFile section */

/* Begin PBXContainerItemProxy section */
		004F4F081FBD9F49004D0BED /* PBXContainerItemProxy */ = {
			isa = PBXContainerItemProxy;
			containerPortal = 004F4EEB1FBD9F48004D0BED /* Project object */;
			proxyType = 1;
			remoteGlobalIDString = 004F4EF21FBD9F49004D0BED;
			remoteInfo = GoodbyeStoryboard;
		};
		004F4F131FBD9F49004D0BED /* PBXContainerItemProxy */ = {
			isa = PBXContainerItemProxy;
			containerPortal = 004F4EEB1FBD9F48004D0BED /* Project object */;
			proxyType = 1;
			remoteGlobalIDString = 004F4EF21FBD9F49004D0BED;
			remoteInfo = GoodbyeStoryboard;
		};
/* End PBXContainerItemProxy section */

/* Begin PBXFileReference section */
		004F4EF31FBD9F49004D0BED /* GoodbyeStoryboard.app */ = {isa = PBXFileReference; explicitFileType = wrapper.application; includeInIndex = 0; path = GoodbyeStoryboard.app; sourceTree = BUILT_PRODUCTS_DIR; };
		004F4EF61FBD9F49004D0BED /* AppDelegate.swift */ = {isa = PBXFileReference; lastKnownFileType = sourcecode.swift; path = AppDelegate.swift; sourceTree = "<group>"; };
		004F4EFD1FBD9F49004D0BED /* Assets.xcassets */ = {isa = PBXFileReference; lastKnownFileType = folder.assetcatalog; path = Assets.xcassets; sourceTree = "<group>"; };
		004F4F001FBD9F49004D0BED /* Base */ = {isa = PBXFileReference; lastKnownFileType = file.storyboard; name = Base; path = Base.lproj/LaunchScreen.storyboard; sourceTree = "<group>"; };
		004F4F021FBD9F49004D0BED /* Info.plist */ = {isa = PBXFileReference; lastKnownFileType = text.plist.xml; path = Info.plist; sourceTree = "<group>"; };
		004F4F071FBD9F49004D0BED /* GoodbyeStoryboardTests.xctest */ = {isa = PBXFileReference; explicitFileType = wrapper.cfbundle; includeInIndex = 0; path = GoodbyeStoryboardTests.xctest; sourceTree = BUILT_PRODUCTS_DIR; };
		004F4F0B1FBD9F49004D0BED /* GoodbyeStoryboardTests.swift */ = {isa = PBXFileReference; lastKnownFileType = sourcecode.swift; path = GoodbyeStoryboardTests.swift; sourceTree = "<group>"; };
		004F4F0D1FBD9F49004D0BED /* Info.plist */ = {isa = PBXFileReference; lastKnownFileType = text.plist.xml; path = Info.plist; sourceTree = "<group>"; };
		004F4F121FBD9F49004D0BED /* GoodbyeStoryboardUITests.xctest */ = {isa = PBXFileReference; explicitFileType = wrapper.cfbundle; includeInIndex = 0; path = GoodbyeStoryboardUITests.xctest; sourceTree = BUILT_PRODUCTS_DIR; };
		004F4F161FBD9F49004D0BED /* GoodbyeStoryboardUITests.swift */ = {isa = PBXFileReference; lastKnownFileType = sourcecode.swift; path = GoodbyeStoryboardUITests.swift; sourceTree = "<group>"; };
		004F4F181FBD9F49004D0BED /* Info.plist */ = {isa = PBXFileReference; lastKnownFileType = text.plist.xml; path = Info.plist; sourceTree = "<group>"; };
		004F4F291FBDA364004D0BED /* Constants.swift */ = {isa = PBXFileReference; lastKnownFileType = sourcecode.swift; path = Constants.swift; sourceTree = "<group>"; };
		004F4F2B1FBDA48A004D0BED /* MainVC.swift */ = {isa = PBXFileReference; lastKnownFileType = sourcecode.swift; path = MainVC.swift; sourceTree = "<group>"; };
		004F4F2D1FBDB0A6004D0BED /* Extensions.swift */ = {isa = PBXFileReference; lastKnownFileType = sourcecode.swift; path = Extensions.swift; sourceTree = "<group>"; };
		004F4F2F1FBDC9D2004D0BED /* Label.swift */ = {isa = PBXFileReference; lastKnownFileType = sourcecode.swift; path = Label.swift; sourceTree = "<group>"; };
		004F4F311FBDD2DE004D0BED /* DataService.swift */ = {isa = PBXFileReference; lastKnownFileType = sourcecode.swift; path = DataService.swift; sourceTree = "<group>"; };
		39B9D6D5A74EE2E4530DFF6A /* Pods-GoodbyeStoryboardUITests.debug.xcconfig */ = {isa = PBXFileReference; includeInIndex = 1; lastKnownFileType = text.xcconfig; name = "Pods-GoodbyeStoryboardUITests.debug.xcconfig"; path = "Pods/Target Support Files/Pods-GoodbyeStoryboardUITests/Pods-GoodbyeStoryboardUITests.debug.xcconfig"; sourceTree = "<group>"; };
		49968063CFDE044DDB5AE468 /* Pods_GoodbyeStoryboardUITests.framework */ = {isa = PBXFileReference; explicitFileType = wrapper.framework; includeInIndex = 0; path = Pods_GoodbyeStoryboardUITests.framework; sourceTree = BUILT_PRODUCTS_DIR; };
		6906F71EF571012B4FD27DDC /* Pods-GoodbyeStoryboard.release.xcconfig */ = {isa = PBXFileReference; includeInIndex = 1; lastKnownFileType = text.xcconfig; name = "Pods-GoodbyeStoryboard.release.xcconfig"; path = "Pods/Target Support Files/Pods-GoodbyeStoryboard/Pods-GoodbyeStoryboard.release.xcconfig"; sourceTree = "<group>"; };
		8E4ED88C991BDA89046D977E /* Pods_GoodbyeStoryboardTests.framework */ = {isa = PBXFileReference; explicitFileType = wrapper.framework; includeInIndex = 0; path = Pods_GoodbyeStoryboardTests.framework; sourceTree = BUILT_PRODUCTS_DIR; };
		AC94F09C45326B88AA285FF4 /* Pods-GoodbyeStoryboardTests.release.xcconfig */ = {isa = PBXFileReference; includeInIndex = 1; lastKnownFileType = text.xcconfig; name = "Pods-GoodbyeStoryboardTests.release.xcconfig"; path = "Pods/Target Support Files/Pods-GoodbyeStoryboardTests/Pods-GoodbyeStoryboardTests.release.xcconfig"; sourceTree = "<group>"; };
		BF2E1B76B7B96528AE781F28 /* Pods-GoodbyeStoryboard.debug.xcconfig */ = {isa = PBXFileReference; includeInIndex = 1; lastKnownFileType = text.xcconfig; name = "Pods-GoodbyeStoryboard.debug.xcconfig"; path = "Pods/Target Support Files/Pods-GoodbyeStoryboard/Pods-GoodbyeStoryboard.debug.xcconfig"; sourceTree = "<group>"; };
		EC27C170EA23764FF44703DF /* Pods-GoodbyeStoryboardUITests.release.xcconfig */ = {isa = PBXFileReference; includeInIndex = 1; lastKnownFileType = text.xcconfig; name = "Pods-GoodbyeStoryboardUITests.release.xcconfig"; path = "Pods/Target Support Files/Pods-GoodbyeStoryboardUITests/Pods-GoodbyeStoryboardUITests.release.xcconfig"; sourceTree = "<group>"; };
		F87EB2CE5CA063383D6FEECA /* Pods_GoodbyeStoryboard.framework */ = {isa = PBXFileReference; explicitFileType = wrapper.framework; includeInIndex = 0; path = Pods_GoodbyeStoryboard.framework; sourceTree = BUILT_PRODUCTS_DIR; };
		FEE9B3FFBCAC27426340B94C /* Pods-GoodbyeStoryboardTests.debug.xcconfig */ = {isa = PBXFileReference; includeInIndex = 1; lastKnownFileType = text.xcconfig; name = "Pods-GoodbyeStoryboardTests.debug.xcconfig"; path = "Pods/Target Support Files/Pods-GoodbyeStoryboardTests/Pods-GoodbyeStoryboardTests.debug.xcconfig"; sourceTree = "<group>"; };
/* End PBXFileReference section */

/* Begin PBXFrameworksBuildPhase section */
		004F4EF01FBD9F49004D0BED /* Frameworks */ = {
			isa = PBXFrameworksBuildPhase;
			buildActionMask = 2147483647;
			files = (
				7E786B0F66E3F2977191ADAD /* Pods_GoodbyeStoryboard.framework in Frameworks */,
			);
			runOnlyForDeploymentPostprocessing = 0;
		};
		004F4F041FBD9F49004D0BED /* Frameworks */ = {
			isa = PBXFrameworksBuildPhase;
			buildActionMask = 2147483647;
			files = (
				F27F49CB66B3AC7D733447B4 /* Pods_GoodbyeStoryboardTests.framework in Frameworks */,
			);
			runOnlyForDeploymentPostprocessing = 0;
		};
		004F4F0F1FBD9F49004D0BED /* Frameworks */ = {
			isa = PBXFrameworksBuildPhase;
			buildActionMask = 2147483647;
			files = (
				5172035DAC2C9807BB65EDCA /* Pods_GoodbyeStoryboardUITests.framework in Frameworks */,
			);
			runOnlyForDeploymentPostprocessing = 0;
		};
/* End PBXFrameworksBuildPhase section */

/* Begin PBXGroup section */
		004F4EEA1FBD9F48004D0BED = {
			isa = PBXGroup;
			children = (
				004F4EF51FBD9F49004D0BED /* GoodbyeStoryboard */,
				004F4F0A1FBD9F49004D0BED /* GoodbyeStoryboardTests */,
				004F4F151FBD9F49004D0BED /* GoodbyeStoryboardUITests */,
				004F4EF41FBD9F49004D0BED /* Products */,
				12017D237BC883550024D0CC /* Pods */,
				CF25483761D755161C67D17D /* Frameworks */,
			);
			sourceTree = "<group>";
		};
		004F4EF41FBD9F49004D0BED /* Products */ = {
			isa = PBXGroup;
			children = (
				004F4EF31FBD9F49004D0BED /* GoodbyeStoryboard.app */,
				004F4F071FBD9F49004D0BED /* GoodbyeStoryboardTests.xctest */,
				004F4F121FBD9F49004D0BED /* GoodbyeStoryboardUITests.xctest */,
			);
			name = Products;
			sourceTree = "<group>";
		};
		004F4EF51FBD9F49004D0BED /* GoodbyeStoryboard */ = {
			isa = PBXGroup;
			children = (
				004F4EF61FBD9F49004D0BED /* AppDelegate.swift */,
				004F4F021FBD9F49004D0BED /* Info.plist */,
				004F4F281FBDA331004D0BED /* Utilities */,
				004F4F271FBDA32B004D0BED /* Services */,
				004F4F261FBDA322004D0BED /* Model */,
				004F4F251FBDA31A004D0BED /* View */,
				004F4F241FBDA312004D0BED /* Controller */,
				004F4EFD1FBD9F49004D0BED /* Assets.xcassets */,
				004F4EFF1FBD9F49004D0BED /* LaunchScreen.storyboard */,
			);
			path = GoodbyeStoryboard;
			sourceTree = "<group>";
		};
		004F4F0A1FBD9F49004D0BED /* GoodbyeStoryboardTests */ = {
			isa = PBXGroup;
			children = (
				004F4F0B1FBD9F49004D0BED /* GoodbyeStoryboardTests.swift */,
				004F4F0D1FBD9F49004D0BED /* Info.plist */,
			);
			path = GoodbyeStoryboardTests;
			sourceTree = "<group>";
		};
		004F4F151FBD9F49004D0BED /* GoodbyeStoryboardUITests */ = {
			isa = PBXGroup;
			children = (
				004F4F161FBD9F49004D0BED /* GoodbyeStoryboardUITests.swift */,
				004F4F181FBD9F49004D0BED /* Info.plist */,
			);
			path = GoodbyeStoryboardUITests;
			sourceTree = "<group>";
		};
		004F4F241FBDA312004D0BED /* Controller */ = {
			isa = PBXGroup;
			children = (
				004F4F2B1FBDA48A004D0BED /* MainVC.swift */,
			);
			path = Controller;
			sourceTree = "<group>";
		};
		004F4F251FBDA31A004D0BED /* View */ = {
			isa = PBXGroup;
			children = (
			);
			path = View;
			sourceTree = "<group>";
		};
		004F4F261FBDA322004D0BED /* Model */ = {
			isa = PBXGroup;
			children = (
				004F4F2F1FBDC9D2004D0BED /* Label.swift */,
			);
			path = Model;
			sourceTree = "<group>";
		};
		004F4F271FBDA32B004D0BED /* Services */ = {
			isa = PBXGroup;
			children = (
				004F4F311FBDD2DE004D0BED /* DataService.swift */,
			);
			path = Services;
			sourceTree = "<group>";
		};
		004F4F281FBDA331004D0BED /* Utilities */ = {
			isa = PBXGroup;
			children = (
				004F4F291FBDA364004D0BED /* Constants.swift */,
				004F4F2D1FBDB0A6004D0BED /* Extensions.swift */,
			);
			path = Utilities;
			sourceTree = "<group>";
		};
		12017D237BC883550024D0CC /* Pods */ = {
			isa = PBXGroup;
			children = (
				BF2E1B76B7B96528AE781F28 /* Pods-GoodbyeStoryboard.debug.xcconfig */,
				6906F71EF571012B4FD27DDC /* Pods-GoodbyeStoryboard.release.xcconfig */,
				FEE9B3FFBCAC27426340B94C /* Pods-GoodbyeStoryboardTests.debug.xcconfig */,
				AC94F09C45326B88AA285FF4 /* Pods-GoodbyeStoryboardTests.release.xcconfig */,
				39B9D6D5A74EE2E4530DFF6A /* Pods-GoodbyeStoryboardUITests.debug.xcconfig */,
				EC27C170EA23764FF44703DF /* Pods-GoodbyeStoryboardUITests.release.xcconfig */,
			);
			name = Pods;
			sourceTree = "<group>";
		};
		CF25483761D755161C67D17D /* Frameworks */ = {
			isa = PBXGroup;
			children = (
				F87EB2CE5CA063383D6FEECA /* Pods_GoodbyeStoryboard.framework */,
				8E4ED88C991BDA89046D977E /* Pods_GoodbyeStoryboardTests.framework */,
				49968063CFDE044DDB5AE468 /* Pods_GoodbyeStoryboardUITests.framework */,
			);
			name = Frameworks;
			sourceTree = "<group>";
		};
/* End PBXGroup section */

/* Begin PBXNativeTarget section */
		004F4EF21FBD9F49004D0BED /* GoodbyeStoryboard */ = {
			isa = PBXNativeTarget;
			buildConfigurationList = 004F4F1B1FBD9F49004D0BED /* Build configuration list for PBXNativeTarget "GoodbyeStoryboard" */;
			buildPhases = (
				906AD2D93D1FC3D3EE168759 /* [CP] Check Pods Manifest.lock */,
				004F4EEF1FBD9F49004D0BED /* Sources */,
				004F4EF01FBD9F49004D0BED /* Frameworks */,
				004F4EF11FBD9F49004D0BED /* Resources */,
				54BADF73996EC2BCA9693449 /* [CP] Embed Pods Frameworks */,
				91DB01F486E55751FF629621 /* [CP] Copy Pods Resources */,
			);
			buildRules = (
			);
			dependencies = (
			);
			name = GoodbyeStoryboard;
			productName = GoodbyeStoryboard;
			productReference = 004F4EF31FBD9F49004D0BED /* GoodbyeStoryboard.app */;
			productType = "com.apple.product-type.application";
		};
		004F4F061FBD9F49004D0BED /* GoodbyeStoryboardTests */ = {
			isa = PBXNativeTarget;
			buildConfigurationList = 004F4F1E1FBD9F49004D0BED /* Build configuration list for PBXNativeTarget "GoodbyeStoryboardTests" */;
			buildPhases = (
				79B4883B81C25632C108C44C /* [CP] Check Pods Manifest.lock */,
				004F4F031FBD9F49004D0BED /* Sources */,
				004F4F041FBD9F49004D0BED /* Frameworks */,
				004F4F051FBD9F49004D0BED /* Resources */,
				28DAEDC8CE23587ACABD9A96 /* [CP] Embed Pods Frameworks */,
				87DFB8C4C7604F85BCFA1F48 /* [CP] Copy Pods Resources */,
			);
			buildRules = (
			);
			dependencies = (
				004F4F091FBD9F49004D0BED /* PBXTargetDependency */,
			);
			name = GoodbyeStoryboardTests;
			productName = GoodbyeStoryboardTests;
			productReference = 004F4F071FBD9F49004D0BED /* GoodbyeStoryboardTests.xctest */;
			productType = "com.apple.product-type.bundle.unit-test";
		};
		004F4F111FBD9F49004D0BED /* GoodbyeStoryboardUITests */ = {
			isa = PBXNativeTarget;
			buildConfigurationList = 004F4F211FBD9F49004D0BED /* Build configuration list for PBXNativeTarget "GoodbyeStoryboardUITests" */;
			buildPhases = (
				DF8293D797D40B0474997AEE /* [CP] Check Pods Manifest.lock */,
				004F4F0E1FBD9F49004D0BED /* Sources */,
				004F4F0F1FBD9F49004D0BED /* Frameworks */,
				004F4F101FBD9F49004D0BED /* Resources */,
				F9D630521328645E8D3CF254 /* [CP] Embed Pods Frameworks */,
				A31FD8B1FA297535491E5099 /* [CP] Copy Pods Resources */,
			);
			buildRules = (
			);
			dependencies = (
				004F4F141FBD9F49004D0BED /* PBXTargetDependency */,
			);
			name = GoodbyeStoryboardUITests;
			productName = GoodbyeStoryboardUITests;
			productReference = 004F4F121FBD9F49004D0BED /* GoodbyeStoryboardUITests.xctest */;
			productType = "com.apple.product-type.bundle.ui-testing";
		};
/* End PBXNativeTarget section */

/* Begin PBXProject section */
		004F4EEB1FBD9F48004D0BED /* Project object */ = {
			isa = PBXProject;
			attributes = {
				LastSwiftUpdateCheck = 0910;
				LastUpgradeCheck = 0910;
				ORGANIZATIONNAME = "Iain Coleman";
				TargetAttributes = {
					004F4EF21FBD9F49004D0BED = {
						CreatedOnToolsVersion = 9.1;
						ProvisioningStyle = Automatic;
					};
					004F4F061FBD9F49004D0BED = {
						CreatedOnToolsVersion = 9.1;
						ProvisioningStyle = Automatic;
						TestTargetID = 004F4EF21FBD9F49004D0BED;
					};
					004F4F111FBD9F49004D0BED = {
						CreatedOnToolsVersion = 9.1;
						ProvisioningStyle = Automatic;
						TestTargetID = 004F4EF21FBD9F49004D0BED;
					};
				};
			};
			buildConfigurationList = 004F4EEE1FBD9F48004D0BED /* Build configuration list for PBXProject "GoodbyeStoryboard" */;
			compatibilityVersion = "Xcode 8.0";
			developmentRegion = en;
			hasScannedForEncodings = 0;
			knownRegions = (
				en,
				Base,
			);
			mainGroup = 004F4EEA1FBD9F48004D0BED;
			productRefGroup = 004F4EF41FBD9F49004D0BED /* Products */;
			projectDirPath = "";
			projectRoot = "";
			targets = (
				004F4EF21FBD9F49004D0BED /* GoodbyeStoryboard */,
				004F4F061FBD9F49004D0BED /* GoodbyeStoryboardTests */,
				004F4F111FBD9F49004D0BED /* GoodbyeStoryboardUITests */,
			);
		};
/* End PBXProject section */

/* Begin PBXResourcesBuildPhase section */
		004F4EF11FBD9F49004D0BED /* Resources */ = {
			isa = PBXResourcesBuildPhase;
			buildActionMask = 2147483647;
			files = (
				004F4F011FBD9F49004D0BED /* LaunchScreen.storyboard in Resources */,
				004F4EFE1FBD9F49004D0BED /* Assets.xcassets in Resources */,
			);
			runOnlyForDeploymentPostprocessing = 0;
		};
		004F4F051FBD9F49004D0BED /* Resources */ = {
			isa = PBXResourcesBuildPhase;
			buildActionMask = 2147483647;
			files = (
			);
			runOnlyForDeploymentPostprocessing = 0;
		};
		004F4F101FBD9F49004D0BED /* Resources */ = {
			isa = PBXResourcesBuildPhase;
			buildActionMask = 2147483647;
			files = (
			);
			runOnlyForDeploymentPostprocessing = 0;
		};
/* End PBXResourcesBuildPhase section */

/* Begin PBXShellScriptBuildPhase section */
		28DAEDC8CE23587ACABD9A96 /* [CP] Embed Pods Frameworks */ = {
			isa = PBXShellScriptBuildPhase;
			buildActionMask = 2147483647;
			files = (
			);
			inputPaths = (
			);
			name = "[CP] Embed Pods Frameworks";
			outputPaths = (
			);
			runOnlyForDeploymentPostprocessing = 0;
			shellPath = /bin/sh;
			shellScript = "\"${SRCROOT}/Pods/Target Support Files/Pods-GoodbyeStoryboardTests/Pods-GoodbyeStoryboardTests-frameworks.sh\"\n";
			showEnvVarsInLog = 0;
		};
		54BADF73996EC2BCA9693449 /* [CP] Embed Pods Frameworks */ = {
			isa = PBXShellScriptBuildPhase;
			buildActionMask = 2147483647;
			files = (
			);
			inputPaths = (
				"${SRCROOT}/Pods/Target Support Files/Pods-GoodbyeStoryboard/Pods-GoodbyeStoryboard-frameworks.sh",
				"${BUILT_PRODUCTS_DIR}/Alamofire/Alamofire.framework",
			);
			name = "[CP] Embed Pods Frameworks";
			outputPaths = (
				"${TARGET_BUILD_DIR}/${FRAMEWORKS_FOLDER_PATH}/Alamofire.framework",
			);
			runOnlyForDeploymentPostprocessing = 0;
			shellPath = /bin/sh;
			shellScript = "\"${SRCROOT}/Pods/Target Support Files/Pods-GoodbyeStoryboard/Pods-GoodbyeStoryboard-frameworks.sh\"\n";
			showEnvVarsInLog = 0;
		};
		79B4883B81C25632C108C44C /* [CP] Check Pods Manifest.lock */ = {
			isa = PBXShellScriptBuildPhase;
			buildActionMask = 2147483647;
			files = (
			);
			inputPaths = (
				"${PODS_PODFILE_DIR_PATH}/Podfile.lock",
				"${PODS_ROOT}/Manifest.lock",
			);
			name = "[CP] Check Pods Manifest.lock";
			outputPaths = (
				"$(DERIVED_FILE_DIR)/Pods-GoodbyeStoryboardTests-checkManifestLockResult.txt",
			);
			runOnlyForDeploymentPostprocessing = 0;
			shellPath = /bin/sh;
			shellScript = "diff \"${PODS_PODFILE_DIR_PATH}/Podfile.lock\" \"${PODS_ROOT}/Manifest.lock\" > /dev/null\nif [ $? != 0 ] ; then\n    # print error to STDERR\n    echo \"error: The sandbox is not in sync with the Podfile.lock. Run 'pod install' or update your CocoaPods installation.\" >&2\n    exit 1\nfi\n# This output is used by Xcode 'outputs' to avoid re-running this script phase.\necho \"SUCCESS\" > \"${SCRIPT_OUTPUT_FILE_0}\"\n";
			showEnvVarsInLog = 0;
		};
		87DFB8C4C7604F85BCFA1F48 /* [CP] Copy Pods Resources */ = {
			isa = PBXShellScriptBuildPhase;
			buildActionMask = 2147483647;
			files = (
			);
			inputPaths = (
			);
			name = "[CP] Copy Pods Resources";
			outputPaths = (
			);
			runOnlyForDeploymentPostprocessing = 0;
			shellPath = /bin/sh;
			shellScript = "\"${SRCROOT}/Pods/Target Support Files/Pods-GoodbyeStoryboardTests/Pods-GoodbyeStoryboardTests-resources.sh\"\n";
			showEnvVarsInLog = 0;
		};
		906AD2D93D1FC3D3EE168759 /* [CP] Check Pods Manifest.lock */ = {
			isa = PBXShellScriptBuildPhase;
			buildActionMask = 2147483647;
			files = (
			);
			inputPaths = (
				"${PODS_PODFILE_DIR_PATH}/Podfile.lock",
				"${PODS_ROOT}/Manifest.lock",
			);
			name = "[CP] Check Pods Manifest.lock";
			outputPaths = (
				"$(DERIVED_FILE_DIR)/Pods-GoodbyeStoryboard-checkManifestLockResult.txt",
			);
			runOnlyForDeploymentPostprocessing = 0;
			shellPath = /bin/sh;
			shellScript = "diff \"${PODS_PODFILE_DIR_PATH}/Podfile.lock\" \"${PODS_ROOT}/Manifest.lock\" > /dev/null\nif [ $? != 0 ] ; then\n    # print error to STDERR\n    echo \"error: The sandbox is not in sync with the Podfile.lock. Run 'pod install' or update your CocoaPods installation.\" >&2\n    exit 1\nfi\n# This output is used by Xcode 'outputs' to avoid re-running this script phase.\necho \"SUCCESS\" > \"${SCRIPT_OUTPUT_FILE_0}\"\n";
			showEnvVarsInLog = 0;
		};
		91DB01F486E55751FF629621 /* [CP] Copy Pods Resources */ = {
			isa = PBXShellScriptBuildPhase;
			buildActionMask = 2147483647;
			files = (
			);
			inputPaths = (
			);
			name = "[CP] Copy Pods Resources";
			outputPaths = (
			);
			runOnlyForDeploymentPostprocessing = 0;
			shellPath = /bin/sh;
			shellScript = "\"${SRCROOT}/Pods/Target Support Files/Pods-GoodbyeStoryboard/Pods-GoodbyeStoryboard-resources.sh\"\n";
			showEnvVarsInLog = 0;
		};
		A31FD8B1FA297535491E5099 /* [CP] Copy Pods Resources */ = {
			isa = PBXShellScriptBuildPhase;
			buildActionMask = 2147483647;
			files = (
			);
			inputPaths = (
			);
			name = "[CP] Copy Pods Resources";
			outputPaths = (
			);
			runOnlyForDeploymentPostprocessing = 0;
			shellPath = /bin/sh;
			shellScript = "\"${SRCROOT}/Pods/Target Support Files/Pods-GoodbyeStoryboardUITests/Pods-GoodbyeStoryboardUITests-resources.sh\"\n";
			showEnvVarsInLog = 0;
		};
		DF8293D797D40B0474997AEE /* [CP] Check Pods Manifest.lock */ = {
			isa = PBXShellScriptBuildPhase;
			buildActionMask = 2147483647;
			files = (
			);
			inputPaths = (
				"${PODS_PODFILE_DIR_PATH}/Podfile.lock",
				"${PODS_ROOT}/Manifest.lock",
			);
			name = "[CP] Check Pods Manifest.lock";
			outputPaths = (
				"$(DERIVED_FILE_DIR)/Pods-GoodbyeStoryboardUITests-checkManifestLockResult.txt",
			);
			runOnlyForDeploymentPostprocessing = 0;
			shellPath = /bin/sh;
			shellScript = "diff \"${PODS_PODFILE_DIR_PATH}/Podfile.lock\" \"${PODS_ROOT}/Manifest.lock\" > /dev/null\nif [ $? != 0 ] ; then\n    # print error to STDERR\n    echo \"error: The sandbox is not in sync with the Podfile.lock. Run 'pod install' or update your CocoaPods installation.\" >&2\n    exit 1\nfi\n# This output is used by Xcode 'outputs' to avoid re-running this script phase.\necho \"SUCCESS\" > \"${SCRIPT_OUTPUT_FILE_0}\"\n";
			showEnvVarsInLog = 0;
		};
		F9D630521328645E8D3CF254 /* [CP] Embed Pods Frameworks */ = {
			isa = PBXShellScriptBuildPhase;
			buildActionMask = 2147483647;
			files = (
			);
			inputPaths = (
			);
			name = "[CP] Embed Pods Frameworks";
			outputPaths = (
			);
			runOnlyForDeploymentPostprocessing = 0;
			shellPath = /bin/sh;
			shellScript = "\"${SRCROOT}/Pods/Target Support Files/Pods-GoodbyeStoryboardUITests/Pods-GoodbyeStoryboardUITests-frameworks.sh\"\n";
			showEnvVarsInLog = 0;
		};
/* End PBXShellScriptBuildPhase section */

/* Begin PBXSourcesBuildPhase section */
		004F4EEF1FBD9F49004D0BED /* Sources */ = {
			isa = PBXSourcesBuildPhase;
			buildActionMask = 2147483647;
			files = (
				004F4EF71FBD9F49004D0BED /* AppDelegate.swift in Sources */,
				004F4F2C1FBDA48A004D0BED /* MainVC.swift in Sources */,
				004F4F2A1FBDA364004D0BED /* Constants.swift in Sources */,
				004F4F321FBDD2DE004D0BED /* DataService.swift in Sources */,
				004F4F301FBDC9D2004D0BED /* Label.swift in Sources */,
				004F4F2E1FBDB0A6004D0BED /* Extensions.swift in Sources */,
			);
			runOnlyForDeploymentPostprocessing = 0;
		};
		004F4F031FBD9F49004D0BED /* Sources */ = {
			isa = PBXSourcesBuildPhase;
			buildActionMask = 2147483647;
			files = (
				004F4F0C1FBD9F49004D0BED /* GoodbyeStoryboardTests.swift in Sources */,
			);
			runOnlyForDeploymentPostprocessing = 0;
		};
		004F4F0E1FBD9F49004D0BED /* Sources */ = {
			isa = PBXSourcesBuildPhase;
			buildActionMask = 2147483647;
			files = (
				004F4F171FBD9F49004D0BED /* GoodbyeStoryboardUITests.swift in Sources */,
			);
			runOnlyForDeploymentPostprocessing = 0;
		};
/* End PBXSourcesBuildPhase section */

/* Begin PBXTargetDependency section */
		004F4F091FBD9F49004D0BED /* PBXTargetDependency */ = {
			isa = PBXTargetDependency;
			target = 004F4EF21FBD9F49004D0BED /* GoodbyeStoryboard */;
			targetProxy = 004F4F081FBD9F49004D0BED /* PBXContainerItemProxy */;
		};
		004F4F141FBD9F49004D0BED /* PBXTargetDependency */ = {
			isa = PBXTargetDependency;
			target = 004F4EF21FBD9F49004D0BED /* GoodbyeStoryboard */;
			targetProxy = 004F4F131FBD9F49004D0BED /* PBXContainerItemProxy */;
		};
/* End PBXTargetDependency section */

/* Begin PBXVariantGroup section */
		004F4EFF1FBD9F49004D0BED /* LaunchScreen.storyboard */ = {
			isa = PBXVariantGroup;
			children = (
				004F4F001FBD9F49004D0BED /* Base */,
			);
			name = LaunchScreen.storyboard;
			sourceTree = "<group>";
		};
/* End PBXVariantGroup section */

/* Begin XCBuildConfiguration section */
		004F4F191FBD9F49004D0BED /* Debug */ = {
			isa = XCBuildConfiguration;
			buildSettings = {
				ALWAYS_SEARCH_USER_PATHS = NO;
				CLANG_ANALYZER_NONNULL = YES;
				CLANG_ANALYZER_NUMBER_OBJECT_CONVERSION = YES_AGGRESSIVE;
				CLANG_CXX_LANGUAGE_STANDARD = "gnu++14";
				CLANG_CXX_LIBRARY = "libc++";
				CLANG_ENABLE_MODULES = YES;
				CLANG_ENABLE_OBJC_ARC = YES;
				CLANG_WARN_BLOCK_CAPTURE_AUTORELEASING = YES;
				CLANG_WARN_BOOL_CONVERSION = YES;
				CLANG_WARN_COMMA = YES;
				CLANG_WARN_CONSTANT_CONVERSION = YES;
				CLANG_WARN_DIRECT_OBJC_ISA_USAGE = YES_ERROR;
				CLANG_WARN_DOCUMENTATION_COMMENTS = YES;
				CLANG_WARN_EMPTY_BODY = YES;
				CLANG_WARN_ENUM_CONVERSION = YES;
				CLANG_WARN_INFINITE_RECURSION = YES;
				CLANG_WARN_INT_CONVERSION = YES;
				CLANG_WARN_NON_LITERAL_NULL_CONVERSION = YES;
				CLANG_WARN_OBJC_LITERAL_CONVERSION = YES;
				CLANG_WARN_OBJC_ROOT_CLASS = YES_ERROR;
				CLANG_WARN_RANGE_LOOP_ANALYSIS = YES;
				CLANG_WARN_STRICT_PROTOTYPES = YES;
				CLANG_WARN_SUSPICIOUS_MOVE = YES;
				CLANG_WARN_UNGUARDED_AVAILABILITY = YES_AGGRESSIVE;
				CLANG_WARN_UNREACHABLE_CODE = YES;
				CLANG_WARN__DUPLICATE_METHOD_MATCH = YES;
				CODE_SIGN_IDENTITY = "iPhone Developer";
				COPY_PHASE_STRIP = NO;
				DEBUG_INFORMATION_FORMAT = dwarf;
				ENABLE_STRICT_OBJC_MSGSEND = YES;
				ENABLE_TESTABILITY = YES;
				GCC_C_LANGUAGE_STANDARD = gnu11;
				GCC_DYNAMIC_NO_PIC = NO;
				GCC_NO_COMMON_BLOCKS = YES;
				GCC_OPTIMIZATION_LEVEL = 0;
				GCC_PREPROCESSOR_DEFINITIONS = (
					"DEBUG=1",
					"$(inherited)",
				);
				GCC_WARN_64_TO_32_BIT_CONVERSION = YES;
				GCC_WARN_ABOUT_RETURN_TYPE = YES_ERROR;
				GCC_WARN_UNDECLARED_SELECTOR = YES;
				GCC_WARN_UNINITIALIZED_AUTOS = YES_AGGRESSIVE;
				GCC_WARN_UNUSED_FUNCTION = YES;
				GCC_WARN_UNUSED_VARIABLE = YES;
				IPHONEOS_DEPLOYMENT_TARGET = 11.1;
				MTL_ENABLE_DEBUG_INFO = YES;
				ONLY_ACTIVE_ARCH = YES;
				SDKROOT = iphoneos;
				SWIFT_ACTIVE_COMPILATION_CONDITIONS = DEBUG;
				SWIFT_OPTIMIZATION_LEVEL = "-Onone";
			};
			name = Debug;
		};
		004F4F1A1FBD9F49004D0BED /* Release */ = {
			isa = XCBuildConfiguration;
			buildSettings = {
				ALWAYS_SEARCH_USER_PATHS = NO;
				CLANG_ANALYZER_NONNULL = YES;
				CLANG_ANALYZER_NUMBER_OBJECT_CONVERSION = YES_AGGRESSIVE;
				CLANG_CXX_LANGUAGE_STANDARD = "gnu++14";
				CLANG_CXX_LIBRARY = "libc++";
				CLANG_ENABLE_MODULES = YES;
				CLANG_ENABLE_OBJC_ARC = YES;
				CLANG_WARN_BLOCK_CAPTURE_AUTORELEASING = YES;
				CLANG_WARN_BOOL_CONVERSION = YES;
				CLANG_WARN_COMMA = YES;
				CLANG_WARN_CONSTANT_CONVERSION = YES;
				CLANG_WARN_DIRECT_OBJC_ISA_USAGE = YES_ERROR;
				CLANG_WARN_DOCUMENTATION_COMMENTS = YES;
				CLANG_WARN_EMPTY_BODY = YES;
				CLANG_WARN_ENUM_CONVERSION = YES;
				CLANG_WARN_INFINITE_RECURSION = YES;
				CLANG_WARN_INT_CONVERSION = YES;
				CLANG_WARN_NON_LITERAL_NULL_CONVERSION = YES;
				CLANG_WARN_OBJC_LITERAL_CONVERSION = YES;
				CLANG_WARN_OBJC_ROOT_CLASS = YES_ERROR;
				CLANG_WARN_RANGE_LOOP_ANALYSIS = YES;
				CLANG_WARN_STRICT_PROTOTYPES = YES;
				CLANG_WARN_SUSPICIOUS_MOVE = YES;
				CLANG_WARN_UNGUARDED_AVAILABILITY = YES_AGGRESSIVE;
				CLANG_WARN_UNREACHABLE_CODE = YES;
				CLANG_WARN__DUPLICATE_METHOD_MATCH = YES;
				CODE_SIGN_IDENTITY = "iPhone Developer";
				COPY_PHASE_STRIP = NO;
				DEBUG_INFORMATION_FORMAT = "dwarf-with-dsym";
				ENABLE_NS_ASSERTIONS = NO;
				ENABLE_STRICT_OBJC_MSGSEND = YES;
				GCC_C_LANGUAGE_STANDARD = gnu11;
				GCC_NO_COMMON_BLOCKS = YES;
				GCC_WARN_64_TO_32_BIT_CONVERSION = YES;
				GCC_WARN_ABOUT_RETURN_TYPE = YES_ERROR;
				GCC_WARN_UNDECLARED_SELECTOR = YES;
				GCC_WARN_UNINITIALIZED_AUTOS = YES_AGGRESSIVE;
				GCC_WARN_UNUSED_FUNCTION = YES;
				GCC_WARN_UNUSED_VARIABLE = YES;
				IPHONEOS_DEPLOYMENT_TARGET = 11.1;
				MTL_ENABLE_DEBUG_INFO = NO;
				SDKROOT = iphoneos;
				SWIFT_OPTIMIZATION_LEVEL = "-Owholemodule";
				VALIDATE_PRODUCT = YES;
			};
			name = Release;
		};
		004F4F1C1FBD9F49004D0BED /* Debug */ = {
			isa = XCBuildConfiguration;
			baseConfigurationReference = BF2E1B76B7B96528AE781F28 /* Pods-GoodbyeStoryboard.debug.xcconfig */;
			buildSettings = {
				ASSETCATALOG_COMPILER_APPICON_NAME = AppIcon;
				CODE_SIGN_STYLE = Automatic;
				DEVELOPMENT_TEAM = 9GNF787574;
				INFOPLIST_FILE = GoodbyeStoryboard/Info.plist;
				LD_RUNPATH_SEARCH_PATHS = "$(inherited) @executable_path/Frameworks";
				PRODUCT_BUNDLE_IDENTIFIER = com.fiendishcorporation.GoodbyeStoryboard;
				PRODUCT_NAME = "$(TARGET_NAME)";
				SWIFT_VERSION = 4.0;
				TARGETED_DEVICE_FAMILY = "1,2";
			};
			name = Debug;
		};
		004F4F1D1FBD9F49004D0BED /* Release */ = {
			isa = XCBuildConfiguration;
			baseConfigurationReference = 6906F71EF571012B4FD27DDC /* Pods-GoodbyeStoryboard.release.xcconfig */;
			buildSettings = {
				ASSETCATALOG_COMPILER_APPICON_NAME = AppIcon;
				CODE_SIGN_STYLE = Automatic;
				DEVELOPMENT_TEAM = 9GNF787574;
				INFOPLIST_FILE = GoodbyeStoryboard/Info.plist;
				LD_RUNPATH_SEARCH_PATHS = "$(inherited) @executable_path/Frameworks";
				PRODUCT_BUNDLE_IDENTIFIER = com.fiendishcorporation.GoodbyeStoryboard;
				PRODUCT_NAME = "$(TARGET_NAME)";
				SWIFT_VERSION = 4.0;
				TARGETED_DEVICE_FAMILY = "1,2";
			};
			name = Release;
		};
		004F4F1F1FBD9F49004D0BED /* Debug */ = {
			isa = XCBuildConfiguration;
			baseConfigurationReference = FEE9B3FFBCAC27426340B94C /* Pods-GoodbyeStoryboardTests.debug.xcconfig */;
			buildSettings = {
				ALWAYS_EMBED_SWIFT_STANDARD_LIBRARIES = YES;
				BUNDLE_LOADER = "$(TEST_HOST)";
				CODE_SIGN_STYLE = Automatic;
				DEVELOPMENT_TEAM = 9GNF787574;
				INFOPLIST_FILE = GoodbyeStoryboardTests/Info.plist;
				LD_RUNPATH_SEARCH_PATHS = "$(inherited) @executable_path/Frameworks @loader_path/Frameworks";
				PRODUCT_BUNDLE_IDENTIFIER = com.fiendishcorporation.GoodbyeStoryboardTests;
				PRODUCT_NAME = "$(TARGET_NAME)";
				SWIFT_VERSION = 4.0;
				TARGETED_DEVICE_FAMILY = "1,2";
				TEST_HOST = "$(BUILT_PRODUCTS_DIR)/GoodbyeStoryboard.app/GoodbyeStoryboard";
			};
			name = Debug;
		};
		004F4F201FBD9F49004D0BED /* Release */ = {
			isa = XCBuildConfiguration;
			baseConfigurationReference = AC94F09C45326B88AA285FF4 /* Pods-GoodbyeStoryboardTests.release.xcconfig */;
			buildSettings = {
				ALWAYS_EMBED_SWIFT_STANDARD_LIBRARIES = YES;
				BUNDLE_LOADER = "$(TEST_HOST)";
				CODE_SIGN_STYLE = Automatic;
				DEVELOPMENT_TEAM = 9GNF787574;
				INFOPLIST_FILE = GoodbyeStoryboardTests/Info.plist;
				LD_RUNPATH_SEARCH_PATHS = "$(inherited) @executable_path/Frameworks @loader_path/Frameworks";
				PRODUCT_BUNDLE_IDENTIFIER = com.fiendishcorporation.GoodbyeStoryboardTests;
				PRODUCT_NAME = "$(TARGET_NAME)";
				SWIFT_VERSION = 4.0;
				TARGETED_DEVICE_FAMILY = "1,2";
				TEST_HOST = "$(BUILT_PRODUCTS_DIR)/GoodbyeStoryboard.app/GoodbyeStoryboard";
			};
			name = Release;
		};
		004F4F221FBD9F49004D0BED /* Debug */ = {
			isa = XCBuildConfiguration;
			baseConfigurationReference = 39B9D6D5A74EE2E4530DFF6A /* Pods-GoodbyeStoryboardUITests.debug.xcconfig */;
			buildSettings = {
				ALWAYS_EMBED_SWIFT_STANDARD_LIBRARIES = YES;
				CODE_SIGN_STYLE = Automatic;
				DEVELOPMENT_TEAM = 9GNF787574;
				INFOPLIST_FILE = GoodbyeStoryboardUITests/Info.plist;
				LD_RUNPATH_SEARCH_PATHS = "$(inherited) @executable_path/Frameworks @loader_path/Frameworks";
				PRODUCT_BUNDLE_IDENTIFIER = com.fiendishcorporation.GoodbyeStoryboardUITests;
				PRODUCT_NAME = "$(TARGET_NAME)";
				SWIFT_VERSION = 4.0;
				TARGETED_DEVICE_FAMILY = "1,2";
				TEST_TARGET_NAME = GoodbyeStoryboard;
			};
			name = Debug;
		};
		004F4F231FBD9F49004D0BED /* Release */ = {
			isa = XCBuildConfiguration;
			baseConfigurationReference = EC27C170EA23764FF44703DF /* Pods-GoodbyeStoryboardUITests.release.xcconfig */;
			buildSettings = {
				ALWAYS_EMBED_SWIFT_STANDARD_LIBRARIES = YES;
				CODE_SIGN_STYLE = Automatic;
				DEVELOPMENT_TEAM = 9GNF787574;
				INFOPLIST_FILE = GoodbyeStoryboardUITests/Info.plist;
				LD_RUNPATH_SEARCH_PATHS = "$(inherited) @executable_path/Frameworks @loader_path/Frameworks";
				PRODUCT_BUNDLE_IDENTIFIER = com.fiendishcorporation.GoodbyeStoryboardUITests;
				PRODUCT_NAME = "$(TARGET_NAME)";
				SWIFT_VERSION = 4.0;
				TARGETED_DEVICE_FAMILY = "1,2";
				TEST_TARGET_NAME = GoodbyeStoryboard;
			};
			name = Release;
		};
/* End XCBuildConfiguration section */

/* Begin XCConfigurationList section */
		004F4EEE1FBD9F48004D0BED /* Build configuration list for PBXProject "GoodbyeStoryboard" */ = {
			isa = XCConfigurationList;
			buildConfigurations = (
				004F4F191FBD9F49004D0BED /* Debug */,
				004F4F1A1FBD9F49004D0BED /* Release */,
			);
			defaultConfigurationIsVisible = 0;
			defaultConfigurationName = Release;
		};
		004F4F1B1FBD9F49004D0BED /* Build configuration list for PBXNativeTarget "GoodbyeStoryboard" */ = {
			isa = XCConfigurationList;
			buildConfigurations = (
				004F4F1C1FBD9F49004D0BED /* Debug */,
				004F4F1D1FBD9F49004D0BED /* Release */,
			);
			defaultConfigurationIsVisible = 0;
			defaultConfigurationName = Release;
		};
		004F4F1E1FBD9F49004D0BED /* Build configuration list for PBXNativeTarget "GoodbyeStoryboardTests" */ = {
			isa = XCConfigurationList;
			buildConfigurations = (
				004F4F1F1FBD9F49004D0BED /* Debug */,
				004F4F201FBD9F49004D0BED /* Release */,
			);
			defaultConfigurationIsVisible = 0;
			defaultConfigurationName = Release;
		};
		004F4F211FBD9F49004D0BED /* Build configuration list for PBXNativeTarget "GoodbyeStoryboardUITests" */ = {
			isa = XCConfigurationList;
			buildConfigurations = (
				004F4F221FBD9F49004D0BED /* Debug */,
				004F4F231FBD9F49004D0BED /* Release */,
			);
			defaultConfigurationIsVisible = 0;
			defaultConfigurationName = Release;
		};
/* End XCConfigurationList section */
	};
	rootObject = 004F4EEB1FBD9F48004D0BED /* Project object */;
}
